
Microsoft Visual Studio Solution File, Format Version 12.00
# Visual Studio Version 17
VisualStudioVersion = 17.0.31903.59
MinimumVisualStudioVersion = 10.0.40219.1
Project("{2150E333-8FDC-42A3-9474-1A3956D46DE8}") = "Solution Items", "Solution Items", "{91104B3E-FB76-4C83-A255-4D7A765E766F}"
	ProjectSection(SolutionItems) = preProject
		.editorconfig = .editorconfig
		.gitignore = .gitignore
		.versionize = .versionize
		coverage.runsettings = coverage.runsettings
		Directory.Build.targets = Directory.Build.targets
		.config\dotnet-tools.json = .config\dotnet-tools.json
		LICENSE = LICENSE
		README.md = README.md
	EndProjectSection
EndProject
Project("{2150E333-8FDC-42A3-9474-1A3956D46DE8}") = "Workflows", "Workflows", "{C0F5BCF3-2CCD-48BE-826B-FA7CE6EC6090}"
	ProjectSection(SolutionItems) = preProject
		.github\workflows\check-pr.yml = .github\workflows\check-pr.yml
		.github\workflows\conventional-commits.yml = .github\workflows\conventional-commits.yml
		.github\workflows\create-release.yml = .github\workflows\create-release.yml
	EndProjectSection
EndProject
Project("{2150E333-8FDC-42A3-9474-1A3956D46DE8}") = "Kyber", "Kyber", "{A38C6AA1-BA6E-4DBC-BC7C-F0BD034224CE}"
EndProject
Project("{2150E333-8FDC-42A3-9474-1A3956D46DE8}") = "Kyber.Examples", "Kyber.Examples", "{8FBD5536-6567-4933-BD14-4A1575F4EE43}"
EndProject
Project("{9A19103F-16F7-4668-BE54-9A1E7A4F7556}") = "Kyber", "Kyber\Kyber\Kyber.csproj", "{8A5169B8-856C-47AA-B56F-54D946E76A51}"
EndProject
Project("{9A19103F-16F7-4668-BE54-9A1E7A4F7556}") = "Kyber.Tests", "Kyber\Kyber.Tests\Kyber.Tests.csproj", "{07581DDA-5F44-4A98-B463-CCB5FEBD55B6}"
EndProject
Project("{9A19103F-16F7-4668-BE54-9A1E7A4F7556}") = "Kyber.Core", "Kyber\Kyber.Core_old\Kyber.Core.csproj", "{2C9DCC2F-3F65-4D85-A07D-18A5089852FE}"
EndProject
Project("{9A19103F-16F7-4668-BE54-9A1E7A4F7556}") = "Kyber.Examples.Scenes", "Kyber.Examples\Kyber.Examples.Scenes\Kyber.Examples.Scenes.csproj", "{94ACED8A-3370-48F3-A749-68C81FDDE652}"
EndProject
Global
	GlobalSection(SolutionConfigurationPlatforms) = preSolution
		Debug|Any CPU = Debug|Any CPU
		DebugGenerators|Any CPU = DebugGenerators|Any CPU
		Release|Any CPU = Release|Any CPU
	EndGlobalSection
	GlobalSection(ProjectConfigurationPlatforms) = postSolution
		{8A5169B8-856C-47AA-B56F-54D946E76A51}.Debug|Any CPU.ActiveCfg = Debug|Any CPU
		{8A5169B8-856C-47AA-B56F-54D946E76A51}.Debug|Any CPU.Build.0 = Debug|Any CPU
		{8A5169B8-856C-47AA-B56F-54D946E76A51}.DebugGenerators|Any CPU.ActiveCfg = DebugGenerators|Any CPU
		{8A5169B8-856C-47AA-B56F-54D946E76A51}.DebugGenerators|Any CPU.Build.0 = DebugGenerators|Any CPU
		{8A5169B8-856C-47AA-B56F-54D946E76A51}.Release|Any CPU.ActiveCfg = Release|Any CPU
		{8A5169B8-856C-47AA-B56F-54D946E76A51}.Release|Any CPU.Build.0 = Release|Any CPU
		{07581DDA-5F44-4A98-B463-CCB5FEBD55B6}.Debug|Any CPU.ActiveCfg = Debug|Any CPU
		{07581DDA-5F44-4A98-B463-CCB5FEBD55B6}.Debug|Any CPU.Build.0 = Debug|Any CPU
		{07581DDA-5F44-4A98-B463-CCB5FEBD55B6}.DebugGenerators|Any CPU.ActiveCfg = DebugGenerators|Any CPU
		{07581DDA-5F44-4A98-B463-CCB5FEBD55B6}.DebugGenerators|Any CPU.Build.0 = DebugGenerators|Any CPU
		{07581DDA-5F44-4A98-B463-CCB5FEBD55B6}.Release|Any CPU.ActiveCfg = Release|Any CPU
		{07581DDA-5F44-4A98-B463-CCB5FEBD55B6}.Release|Any CPU.Build.0 = Release|Any CPU
		{2C9DCC2F-3F65-4D85-A07D-18A5089852FE}.Debug|Any CPU.ActiveCfg = Debug|Any CPU
		{2C9DCC2F-3F65-4D85-A07D-18A5089852FE}.Debug|Any CPU.Build.0 = Debug|Any CPU
		{2C9DCC2F-3F65-4D85-A07D-18A5089852FE}.DebugGenerators|Any CPU.ActiveCfg = DebugGenerators|Any CPU
		{2C9DCC2F-3F65-4D85-A07D-18A5089852FE}.DebugGenerators|Any CPU.Build.0 = DebugGenerators|Any CPU
		{2C9DCC2F-3F65-4D85-A07D-18A5089852FE}.Release|Any CPU.ActiveCfg = Release|Any CPU
		{2C9DCC2F-3F65-4D85-A07D-18A5089852FE}.Release|Any CPU.Build.0 = Release|Any CPU
		{94ACED8A-3370-48F3-A749-68C81FDDE652}.Debug|Any CPU.ActiveCfg = Debug|Any CPU
		{94ACED8A-3370-48F3-A749-68C81FDDE652}.Debug|Any CPU.Build.0 = Debug|Any CPU
		{94ACED8A-3370-48F3-A749-68C81FDDE652}.DebugGenerators|Any CPU.ActiveCfg = DebugGenerators|Any CPU
		{94ACED8A-3370-48F3-A749-68C81FDDE652}.DebugGenerators|Any CPU.Build.0 = DebugGenerators|Any CPU
		{94ACED8A-3370-48F3-A749-68C81FDDE652}.Release|Any CPU.ActiveCfg = Release|Any CPU
		{94ACED8A-3370-48F3-A749-68C81FDDE652}.Release|Any CPU.Build.0 = Release|Any CPU
	EndGlobalSection
	GlobalSection(SolutionProperties) = preSolution
		HideSolutionNode = FALSE
	EndGlobalSection
	GlobalSection(NestedProjects) = preSolution
		{C0F5BCF3-2CCD-48BE-826B-FA7CE6EC6090} = {91104B3E-FB76-4C83-A255-4D7A765E766F}
		{8A5169B8-856C-47AA-B56F-54D946E76A51} = {A38C6AA1-BA6E-4DBC-BC7C-F0BD034224CE}
		{07581DDA-5F44-4A98-B463-CCB5FEBD55B6} = {A38C6AA1-BA6E-4DBC-BC7C-F0BD034224CE}
		{2C9DCC2F-3F65-4D85-A07D-18A5089852FE} = {A38C6AA1-BA6E-4DBC-BC7C-F0BD034224CE}
		{94ACED8A-3370-48F3-A749-68C81FDDE652} = {8FBD5536-6567-4933-BD14-4A1575F4EE43}
	EndGlobalSection
	GlobalSection(ExtensibilityGlobals) = postSolution
		SolutionGuid = {CCF839E2-AF6A-4444-95F2-76F60225DC55}
	EndGlobalSection
EndGlobal
