
Microsoft Visual Studio Solution File, Format Version 12.00
# Visual Studio Version 17
VisualStudioVersion = 17.0.31903.59
MinimumVisualStudioVersion = 10.0.40219.1
Project("{2150E333-8FDC-42A3-9474-1A3956D46DE8}") = "Solution Items", "Solution Items", "{91104B3E-FB76-4C83-A255-4D7A765E766F}"
	ProjectSection(SolutionItems) = preProject
		.editorconfig = .editorconfig
		.gitignore = .gitignore
		.versionize = .versionize
		coverage.runsettings = coverage.runsettings
		Directory.Build.targets = Directory.Build.targets
		.config\dotnet-tools.json = .config\dotnet-tools.json
		LICENSE = LICENSE
		README.md = README.md
	EndProjectSection
EndProject
Project("{2150E333-8FDC-42A3-9474-1A3956D46DE8}") = "Workflows", "Workflows", "{C0F5BCF3-2CCD-48BE-826B-FA7CE6EC6090}"
	ProjectSection(SolutionItems) = preProject
		.github\workflows\check-pr.yml = .github\workflows\check-pr.yml
		.github\workflows\conventional-commits.yml = .github\workflows\conventional-commits.yml
		.github\workflows\create-release.yml = .github\workflows\create-release.yml
	EndProjectSection
EndProject
Project("{2150E333-8FDC-42A3-9474-1A3956D46DE8}") = "Kyber", "Kyber", "{A38C6AA1-BA6E-4DBC-BC7C-F0BD034224CE}"
EndProject
Project("{2150E333-8FDC-42A3-9474-1A3956D46DE8}") = "Kyber.Examples", "Kyber.Examples", "{8FBD5536-6567-4933-BD14-4A1575F4EE43}"
EndProject
Project("{9A19103F-16F7-4668-BE54-9A1E7A4F7556}") = "Kyber.Examples.Scenes", "Kyber.Examples\Kyber.Examples.Scenes\Kyber.Examples.Scenes.csproj", "{94ACED8A-3370-48F3-A749-68C81FDDE652}"
EndProject
Project("{9A19103F-16F7-4668-BE54-9A1E7A4F7556}") = "Kyber.Core", "Kyber\Kyber.Core\Kyber.Core.csproj", "{FF7891A1-606D-413D-B9F2-918D2DB5F266}"
EndProject
Project("{9A19103F-16F7-4668-BE54-9A1E7A4F7556}") = "Kyber.Core.Abstractions", "Kyber\Kyber.Core.Abstractions\Kyber.Core.Abstractions.csproj", "{74342FF5-BD87-4F81-A783-1A13ADE5F052}"
EndProject
Project("{9A19103F-16F7-4668-BE54-9A1E7A4F7556}") = "Kyber", "Kyber\Kyber\Kyber.csproj", "{B6044750-A205-4D10-AD02-02707AE9FC0A}"
EndProject
Project("{9A19103F-16F7-4668-BE54-9A1E7A4F7556}") = "Kyber.Extensions.Scenes", "Kyber\Kyber.Extensions.Scenes\Kyber.Extensions.Scenes.csproj", "{700C404D-596B-4F79-9E4A-1B49355059D5}"
EndProject
Project("{9A19103F-16F7-4668-BE54-9A1E7A4F7556}") = "Kyber.Extensions.Scenes.Abstractions", "Kyber\Kyber.Extensions.Scenes.Abstractions\Kyber.Extensions.Scenes.Abstractions.csproj", "{59A49B7B-62B2-4343-838E-AE7E883BDB52}"
EndProject
Project("{9A19103F-16F7-4668-BE54-9A1E7A4F7556}") = "Kyber.Extensions.Graphics.Abstractions", "Kyber\Kyber.Extensions.Graphics.Abstractions\Kyber.Extensions.Graphics.Abstractions.csproj", "{BC64E83E-4034-407F-810C-671EC13AD1D7}"
EndProject
Project("{9A19103F-16F7-4668-BE54-9A1E7A4F7556}") = "Kyber.Extensions.Debug", "Kyber\Kyber.Extensions.Debug\Kyber.Extensions.Debug.csproj", "{C6AE892E-ED53-4CF9-B3D4-5F904E6E352D}"
EndProject
Project("{9A19103F-16F7-4668-BE54-9A1E7A4F7556}") = "Kyber.Extensions.Graphics.Veldrid", "Kyber\Kyber.Extensions.Graphics.Veldrid\Kyber.Extensions.Graphics.Veldrid.csproj", "{B3B07001-6598-48DF-8320-C65870A9E0F5}"
EndProject
Project("{9A19103F-16F7-4668-BE54-9A1E7A4F7556}") = "Kyber.Core.InternalGenerators", "Kyber\Kyber.Core.InternalGenerators\Kyber.Core.InternalGenerators.csproj", "{DFD31B44-8064-4143-9B38-572729A89071}"
EndProject
Project("{9A19103F-16F7-4668-BE54-9A1E7A4F7556}") = "Kyber.Extensions.Scenes.InternalGenerators", "Kyber\Kyber.Extensions.Scenes.InternalGenerators\Kyber.Extensions.Scenes.InternalGenerators.csproj", "{0B90C501-3304-40D0-B099-CF89A6DF37E0}"
EndProject
Project("{FAE04EC0-301F-11D3-BF4B-00C04F79EFBC}") = "Kyber.Extensions.Debug.Abstractions", "Kyber\Kyber.Extensions.Debug.Abstractions\Kyber.Extensions.Debug.Abstractions.csproj", "{4E7E36EE-B7D7-41FE-9E0F-4FF52A18207A}"
EndProject
Global
	GlobalSection(SolutionConfigurationPlatforms) = preSolution
		Debug|Any CPU = Debug|Any CPU
		DebugGenerators|Any CPU = DebugGenerators|Any CPU
		Release|Any CPU = Release|Any CPU
	EndGlobalSection
	GlobalSection(ProjectConfigurationPlatforms) = postSolution
		{94ACED8A-3370-48F3-A749-68C81FDDE652}.Debug|Any CPU.ActiveCfg = Debug|Any CPU
		{94ACED8A-3370-48F3-A749-68C81FDDE652}.Debug|Any CPU.Build.0 = Debug|Any CPU
		{94ACED8A-3370-48F3-A749-68C81FDDE652}.DebugGenerators|Any CPU.ActiveCfg = DebugGenerators|Any CPU
		{94ACED8A-3370-48F3-A749-68C81FDDE652}.DebugGenerators|Any CPU.Build.0 = DebugGenerators|Any CPU
		{94ACED8A-3370-48F3-A749-68C81FDDE652}.Release|Any CPU.ActiveCfg = Release|Any CPU
		{94ACED8A-3370-48F3-A749-68C81FDDE652}.Release|Any CPU.Build.0 = Release|Any CPU
		{FF7891A1-606D-413D-B9F2-918D2DB5F266}.Debug|Any CPU.ActiveCfg = Debug|Any CPU
		{FF7891A1-606D-413D-B9F2-918D2DB5F266}.Debug|Any CPU.Build.0 = Debug|Any CPU
		{FF7891A1-606D-413D-B9F2-918D2DB5F266}.DebugGenerators|Any CPU.ActiveCfg = DebugGenerators|Any CPU
		{FF7891A1-606D-413D-B9F2-918D2DB5F266}.DebugGenerators|Any CPU.Build.0 = DebugGenerators|Any CPU
		{FF7891A1-606D-413D-B9F2-918D2DB5F266}.Release|Any CPU.ActiveCfg = Release|Any CPU
		{FF7891A1-606D-413D-B9F2-918D2DB5F266}.Release|Any CPU.Build.0 = Release|Any CPU
		{74342FF5-BD87-4F81-A783-1A13ADE5F052}.Debug|Any CPU.ActiveCfg = Debug|Any CPU
		{74342FF5-BD87-4F81-A783-1A13ADE5F052}.Debug|Any CPU.Build.0 = Debug|Any CPU
		{74342FF5-BD87-4F81-A783-1A13ADE5F052}.DebugGenerators|Any CPU.ActiveCfg = Debug|Any CPU
		{74342FF5-BD87-4F81-A783-1A13ADE5F052}.DebugGenerators|Any CPU.Build.0 = Debug|Any CPU
		{74342FF5-BD87-4F81-A783-1A13ADE5F052}.Release|Any CPU.ActiveCfg = Release|Any CPU
		{74342FF5-BD87-4F81-A783-1A13ADE5F052}.Release|Any CPU.Build.0 = Release|Any CPU
		{B6044750-A205-4D10-AD02-02707AE9FC0A}.Debug|Any CPU.ActiveCfg = Debug|Any CPU
		{B6044750-A205-4D10-AD02-02707AE9FC0A}.Debug|Any CPU.Build.0 = Debug|Any CPU
		{B6044750-A205-4D10-AD02-02707AE9FC0A}.DebugGenerators|Any CPU.ActiveCfg = Debug|Any CPU
		{B6044750-A205-4D10-AD02-02707AE9FC0A}.DebugGenerators|Any CPU.Build.0 = Debug|Any CPU
		{B6044750-A205-4D10-AD02-02707AE9FC0A}.Release|Any CPU.ActiveCfg = Release|Any CPU
		{B6044750-A205-4D10-AD02-02707AE9FC0A}.Release|Any CPU.Build.0 = Release|Any CPU
		{700C404D-596B-4F79-9E4A-1B49355059D5}.Debug|Any CPU.ActiveCfg = Debug|Any CPU
		{700C404D-596B-4F79-9E4A-1B49355059D5}.Debug|Any CPU.Build.0 = Debug|Any CPU
		{700C404D-596B-4F79-9E4A-1B49355059D5}.DebugGenerators|Any CPU.ActiveCfg = Debug|Any CPU
		{700C404D-596B-4F79-9E4A-1B49355059D5}.DebugGenerators|Any CPU.Build.0 = Debug|Any CPU
		{700C404D-596B-4F79-9E4A-1B49355059D5}.Release|Any CPU.ActiveCfg = Release|Any CPU
		{700C404D-596B-4F79-9E4A-1B49355059D5}.Release|Any CPU.Build.0 = Release|Any CPU
		{59A49B7B-62B2-4343-838E-AE7E883BDB52}.Debug|Any CPU.ActiveCfg = Debug|Any CPU
		{59A49B7B-62B2-4343-838E-AE7E883BDB52}.Debug|Any CPU.Build.0 = Debug|Any CPU
		{59A49B7B-62B2-4343-838E-AE7E883BDB52}.DebugGenerators|Any CPU.ActiveCfg = Debug|Any CPU
		{59A49B7B-62B2-4343-838E-AE7E883BDB52}.DebugGenerators|Any CPU.Build.0 = Debug|Any CPU
		{59A49B7B-62B2-4343-838E-AE7E883BDB52}.Release|Any CPU.ActiveCfg = Release|Any CPU
		{59A49B7B-62B2-4343-838E-AE7E883BDB52}.Release|Any CPU.Build.0 = Release|Any CPU
		{BC64E83E-4034-407F-810C-671EC13AD1D7}.Debug|Any CPU.ActiveCfg = Debug|Any CPU
		{BC64E83E-4034-407F-810C-671EC13AD1D7}.Debug|Any CPU.Build.0 = Debug|Any CPU
		{BC64E83E-4034-407F-810C-671EC13AD1D7}.DebugGenerators|Any CPU.ActiveCfg = Debug|Any CPU
		{BC64E83E-4034-407F-810C-671EC13AD1D7}.DebugGenerators|Any CPU.Build.0 = Debug|Any CPU
		{BC64E83E-4034-407F-810C-671EC13AD1D7}.Release|Any CPU.ActiveCfg = Release|Any CPU
		{BC64E83E-4034-407F-810C-671EC13AD1D7}.Release|Any CPU.Build.0 = Release|Any CPU
		{C6AE892E-ED53-4CF9-B3D4-5F904E6E352D}.Debug|Any CPU.ActiveCfg = Debug|Any CPU
		{C6AE892E-ED53-4CF9-B3D4-5F904E6E352D}.Debug|Any CPU.Build.0 = Debug|Any CPU
		{C6AE892E-ED53-4CF9-B3D4-5F904E6E352D}.DebugGenerators|Any CPU.ActiveCfg = Debug|Any CPU
		{C6AE892E-ED53-4CF9-B3D4-5F904E6E352D}.DebugGenerators|Any CPU.Build.0 = Debug|Any CPU
		{C6AE892E-ED53-4CF9-B3D4-5F904E6E352D}.Release|Any CPU.ActiveCfg = Release|Any CPU
		{C6AE892E-ED53-4CF9-B3D4-5F904E6E352D}.Release|Any CPU.Build.0 = Release|Any CPU
		{B3B07001-6598-48DF-8320-C65870A9E0F5}.Debug|Any CPU.ActiveCfg = Debug|Any CPU
		{B3B07001-6598-48DF-8320-C65870A9E0F5}.Debug|Any CPU.Build.0 = Debug|Any CPU
		{B3B07001-6598-48DF-8320-C65870A9E0F5}.DebugGenerators|Any CPU.ActiveCfg = Debug|Any CPU
		{B3B07001-6598-48DF-8320-C65870A9E0F5}.DebugGenerators|Any CPU.Build.0 = Debug|Any CPU
		{B3B07001-6598-48DF-8320-C65870A9E0F5}.Release|Any CPU.ActiveCfg = Release|Any CPU
		{B3B07001-6598-48DF-8320-C65870A9E0F5}.Release|Any CPU.Build.0 = Release|Any CPU
		{DFD31B44-8064-4143-9B38-572729A89071}.Debug|Any CPU.ActiveCfg = Debug|Any CPU
		{DFD31B44-8064-4143-9B38-572729A89071}.Debug|Any CPU.Build.0 = Debug|Any CPU
		{DFD31B44-8064-4143-9B38-572729A89071}.DebugGenerators|Any CPU.ActiveCfg = Debug|Any CPU
		{DFD31B44-8064-4143-9B38-572729A89071}.DebugGenerators|Any CPU.Build.0 = Debug|Any CPU
		{DFD31B44-8064-4143-9B38-572729A89071}.Release|Any CPU.ActiveCfg = Release|Any CPU
		{DFD31B44-8064-4143-9B38-572729A89071}.Release|Any CPU.Build.0 = Release|Any CPU
		{0B90C501-3304-40D0-B099-CF89A6DF37E0}.Debug|Any CPU.ActiveCfg = Debug|Any CPU
		{0B90C501-3304-40D0-B099-CF89A6DF37E0}.Debug|Any CPU.Build.0 = Debug|Any CPU
		{0B90C501-3304-40D0-B099-CF89A6DF37E0}.DebugGenerators|Any CPU.ActiveCfg = DebugGenerators|Any CPU
		{0B90C501-3304-40D0-B099-CF89A6DF37E0}.DebugGenerators|Any CPU.Build.0 = DebugGenerators|Any CPU
		{0B90C501-3304-40D0-B099-CF89A6DF37E0}.Release|Any CPU.ActiveCfg = Release|Any CPU
		{0B90C501-3304-40D0-B099-CF89A6DF37E0}.Release|Any CPU.Build.0 = Release|Any CPU
		{4E7E36EE-B7D7-41FE-9E0F-4FF52A18207A}.Debug|Any CPU.ActiveCfg = Debug|Any CPU
		{4E7E36EE-B7D7-41FE-9E0F-4FF52A18207A}.Debug|Any CPU.Build.0 = Debug|Any CPU
		{4E7E36EE-B7D7-41FE-9E0F-4FF52A18207A}.DebugGenerators|Any CPU.ActiveCfg = Debug|Any CPU
		{4E7E36EE-B7D7-41FE-9E0F-4FF52A18207A}.DebugGenerators|Any CPU.Build.0 = Debug|Any CPU
		{4E7E36EE-B7D7-41FE-9E0F-4FF52A18207A}.Release|Any CPU.ActiveCfg = Release|Any CPU
		{4E7E36EE-B7D7-41FE-9E0F-4FF52A18207A}.Release|Any CPU.Build.0 = Release|Any CPU
	EndGlobalSection
	GlobalSection(SolutionProperties) = preSolution
		HideSolutionNode = FALSE
	EndGlobalSection
	GlobalSection(NestedProjects) = preSolution
		{C0F5BCF3-2CCD-48BE-826B-FA7CE6EC6090} = {91104B3E-FB76-4C83-A255-4D7A765E766F}
		{94ACED8A-3370-48F3-A749-68C81FDDE652} = {8FBD5536-6567-4933-BD14-4A1575F4EE43}
		{FF7891A1-606D-413D-B9F2-918D2DB5F266} = {A38C6AA1-BA6E-4DBC-BC7C-F0BD034224CE}
		{74342FF5-BD87-4F81-A783-1A13ADE5F052} = {A38C6AA1-BA6E-4DBC-BC7C-F0BD034224CE}
		{B6044750-A205-4D10-AD02-02707AE9FC0A} = {A38C6AA1-BA6E-4DBC-BC7C-F0BD034224CE}
		{700C404D-596B-4F79-9E4A-1B49355059D5} = {A38C6AA1-BA6E-4DBC-BC7C-F0BD034224CE}
		{59A49B7B-62B2-4343-838E-AE7E883BDB52} = {A38C6AA1-BA6E-4DBC-BC7C-F0BD034224CE}
		{BC64E83E-4034-407F-810C-671EC13AD1D7} = {A38C6AA1-BA6E-4DBC-BC7C-F0BD034224CE}
		{C6AE892E-ED53-4CF9-B3D4-5F904E6E352D} = {A38C6AA1-BA6E-4DBC-BC7C-F0BD034224CE}
		{B3B07001-6598-48DF-8320-C65870A9E0F5} = {A38C6AA1-BA6E-4DBC-BC7C-F0BD034224CE}
		{DFD31B44-8064-4143-9B38-572729A89071} = {A38C6AA1-BA6E-4DBC-BC7C-F0BD034224CE}
		{0B90C501-3304-40D0-B099-CF89A6DF37E0} = {A38C6AA1-BA6E-4DBC-BC7C-F0BD034224CE}
		{4E7E36EE-B7D7-41FE-9E0F-4FF52A18207A} = {A38C6AA1-BA6E-4DBC-BC7C-F0BD034224CE}
	EndGlobalSection
	GlobalSection(ExtensibilityGlobals) = postSolution
		SolutionGuid = {CCF839E2-AF6A-4444-95F2-76F60225DC55}
	EndGlobalSection
EndGlobal
